
Microsoft Visual Studio Solution File, Format Version 12.00
# Visual Studio Version 16
VisualStudioVersion = 16.0.29905.134
MinimumVisualStudioVersion = 10.0.40219.1
Project("{2150E333-8FDC-42A3-9474-1A3956D46DE8}") = "src", "src", "{65AA0668-A884-461B-8BDF-757D8539A74C}"
EndProject
Project("{9A19103F-16F7-4668-BE54-9A1E7A4F7556}") = "Company.Project.Domain", "src\Company.Project.Domain\Company.Project.Domain.csproj", "{708E4201-0D7B-4141-A641-D758FD0B5228}"
EndProject
Project("{9A19103F-16F7-4668-BE54-9A1E7A4F7556}") = "Company.Project.Application", "src\Company.Project.Application\Company.Project.Application.csproj", "{EFFD3F12-9C5A-4E3D-8DF4-0BB8D118F1B8}"
EndProject
Project("{9A19103F-16F7-4668-BE54-9A1E7A4F7556}") = "Company.Project.EntityFrameworkCore", "src\Company.Project.EntityFrameworkCore\Company.Project.EntityFrameworkCore.csproj", "{7711FF5F-B856-4B6E-A4E1-E3DC24F90905}"
EndProject
Project("{9A19103F-16F7-4668-BE54-9A1E7A4F7556}") = "Company.Project.Host", "src\Company.Project.Host\Company.Project.Host.csproj", "{298F45C4-79F0-4DC5-B371-8266DB77B765}"
EndProject
Project("{2150E333-8FDC-42A3-9474-1A3956D46DE8}") = "Solution Items", "Solution Items", "{24169AC9-AEED-45CD-9E76-4A043FDCEA51}"
	ProjectSection(SolutionItems) = preProject
		.gitignore = .gitignore
		azure-pipelines.yml = azure-pipelines.yml
		global.json = global.json
		LICENSE = LICENSE
		Nuget.config = Nuget.config
		README.md = README.md
	EndProjectSection
EndProject
Project("{2150E333-8FDC-42A3-9474-1A3956D46DE8}") = "framework", "framework", "{0E1D2208-0B07-4CB2-9001-348C8635209B}"
EndProject
Project("{9A19103F-16F7-4668-BE54-9A1E7A4F7556}") = "Riven", "..\Framework\src\Riven\Riven.csproj", "{0E264F34-2ADD-4EFF-BB08-AB383AFAFE22}"
EndProject
Project("{9A19103F-16F7-4668-BE54-9A1E7A4F7556}") = "Riven.AspectCore", "..\Framework\src\Riven.AspectCore\Riven.AspectCore.csproj", "{8165D904-7C14-4348-AC97-F0C72569B241}"
EndProject
Project("{9A19103F-16F7-4668-BE54-9A1E7A4F7556}") = "Riven.AspNetCore.Identity", "..\Framework\src\Riven.AspNetCore.Identity\Riven.AspNetCore.Identity.csproj", "{187D9A04-F152-4236-9DC0-7E0613E3BA74}"
EndProject
Project("{9A19103F-16F7-4668-BE54-9A1E7A4F7556}") = "Riven.AspNetCore", "..\Framework\src\Riven.AspNetCore\Riven.AspNetCore.csproj", "{6CBEB9C8-20D0-4A93-844E-8A6E88623B66}"
EndProject
Project("{9A19103F-16F7-4668-BE54-9A1E7A4F7556}") = "Riven.AspNetCore.Localization", "..\Framework\src\Riven.AspNetCore.Localization\Riven.AspNetCore.Localization.csproj", "{B55924DB-D5CE-4BCD-B31F-360D77DF1D4D}"
EndProject
Project("{9A19103F-16F7-4668-BE54-9A1E7A4F7556}") = "Riven.AspNetCore.Modular", "..\Framework\src\Riven.AspNetCore.Modular\Riven.AspNetCore.Modular.csproj", "{D7FE254D-2B58-4968-B170-A56316B1885A}"
EndProject
Project("{9A19103F-16F7-4668-BE54-9A1E7A4F7556}") = "Riven.AspNetCore.Swashbuckle", "..\Framework\src\Riven.AspNetCore.Swashbuckle\Riven.AspNetCore.Swashbuckle.csproj", "{EF6791AA-FB33-488D-A8E4-752822E6391B}"
EndProject
Project("{9A19103F-16F7-4668-BE54-9A1E7A4F7556}") = "Riven.AspNetCore.Uow", "..\Framework\src\Riven.AspNetCore.Uow\Riven.AspNetCore.Uow.csproj", "{00F16469-4E8B-4ADC-A3A2-B25452BE6897}"
EndProject
Project("{9A19103F-16F7-4668-BE54-9A1E7A4F7556}") = "Riven.Domain", "..\Framework\src\Riven.Domain\Riven.Domain.csproj", "{D17B98ED-6A5C-43C6-AD8F-9569495B1514}"
EndProject
Project("{9A19103F-16F7-4668-BE54-9A1E7A4F7556}") = "Riven.Localization", "..\Framework\src\Riven.Localization\Riven.Localization.csproj", "{E226B5D5-EB97-40F5-A697-64A24E1B95D7}"
EndProject
Project("{9A19103F-16F7-4668-BE54-9A1E7A4F7556}") = "Riven.UnitOfWork", "..\Framework\src\Riven.UnitOfWork\Riven.UnitOfWork.csproj", "{9B528D70-6C3F-4CBC-8F9D-31E36327F374}"
EndProject
Project("{9A19103F-16F7-4668-BE54-9A1E7A4F7556}") = "Riven.UnitOfWork.Dapper", "..\Framework\src\Riven.UnitOfWork.Dapper\Riven.UnitOfWork.Dapper.csproj", "{5AA43045-2265-49C9-AA20-E74F0AFC2159}"
EndProject
Project("{9A19103F-16F7-4668-BE54-9A1E7A4F7556}") = "Riven.UnitOfWork.EntityFrameworkCore", "..\Framework\src\Riven.UnitOfWork.EntityFrameworkCore\Riven.UnitOfWork.EntityFrameworkCore.csproj", "{F5FC76F4-23CB-449E-9616-F85A3032E69A}"
EndProject
Project("{9A19103F-16F7-4668-BE54-9A1E7A4F7556}") = "Riven.Mapster", "..\Framework\src\Riven.Mapster\Riven.Mapster.csproj", "{D8694D09-92E0-4A3E-9BD4-616104089024}"
EndProject
Project("{9A19103F-16F7-4668-BE54-9A1E7A4F7556}") = "Riven.Domain.EntityFrameworkCore", "..\Framework\src\Riven.Domain.EntityFrameworkCore\Riven.Domain.EntityFrameworkCore.csproj", "{831BA1CA-7B3C-45D8-A54B-1EACAE5A250A}"
EndProject
Project("{2150E333-8FDC-42A3-9474-1A3956D46DE8}") = "tools", "tools", "{25466D59-FA4B-4C3E-8C63-6D9302268EE4}"
EndProject
Project("{9A19103F-16F7-4668-BE54-9A1E7A4F7556}") = "Company.Project.Migrator", "tools\Company.Project.Migrator\Company.Project.Migrator.csproj", "{508D1E38-865A-402D-8C9A-EFF016F14488}"
EndProject
Project("{2150E333-8FDC-42A3-9474-1A3956D46DE8}") = "tests", "tests", "{206D57AE-0231-4F37-8298-5F8D78669DD2}"
EndProject
Project("{9A19103F-16F7-4668-BE54-9A1E7A4F7556}") = "Company.Project.Host.Core", "src\Company.Project.Host.Core\Company.Project.Host.Core.csproj", "{1AA72FDB-106F-4D2F-8A5B-E3222BBFC4FF}"
EndProject
Project("{9A19103F-16F7-4668-BE54-9A1E7A4F7556}") = "Riven.Dependency", "..\Framework\src\Riven.Dependency\Riven.Dependency.csproj", "{A9484775-9653-49A1-B96E-D4EBCAE9321D}"
EndProject
Project("{9A19103F-16F7-4668-BE54-9A1E7A4F7556}") = "Riven.Data", "..\Framework\src\Riven.Data\Riven.Data.csproj", "{9DC0A97A-8925-4451-9A3C-6F3C24C9374A}"
EndProject
Global
	GlobalSection(SolutionConfigurationPlatforms) = preSolution
		Debug|Any CPU = Debug|Any CPU
		Release|Any CPU = Release|Any CPU
	EndGlobalSection
	GlobalSection(ProjectConfigurationPlatforms) = postSolution
		{708E4201-0D7B-4141-A641-D758FD0B5228}.Debug|Any CPU.ActiveCfg = Debug|Any CPU
		{708E4201-0D7B-4141-A641-D758FD0B5228}.Debug|Any CPU.Build.0 = Debug|Any CPU
		{708E4201-0D7B-4141-A641-D758FD0B5228}.Release|Any CPU.ActiveCfg = Release|Any CPU
		{708E4201-0D7B-4141-A641-D758FD0B5228}.Release|Any CPU.Build.0 = Release|Any CPU
		{EFFD3F12-9C5A-4E3D-8DF4-0BB8D118F1B8}.Debug|Any CPU.ActiveCfg = Debug|Any CPU
		{EFFD3F12-9C5A-4E3D-8DF4-0BB8D118F1B8}.Debug|Any CPU.Build.0 = Debug|Any CPU
		{EFFD3F12-9C5A-4E3D-8DF4-0BB8D118F1B8}.Release|Any CPU.ActiveCfg = Release|Any CPU
		{EFFD3F12-9C5A-4E3D-8DF4-0BB8D118F1B8}.Release|Any CPU.Build.0 = Release|Any CPU
		{7711FF5F-B856-4B6E-A4E1-E3DC24F90905}.Debug|Any CPU.ActiveCfg = Debug|Any CPU
		{7711FF5F-B856-4B6E-A4E1-E3DC24F90905}.Debug|Any CPU.Build.0 = Debug|Any CPU
		{7711FF5F-B856-4B6E-A4E1-E3DC24F90905}.Release|Any CPU.ActiveCfg = Release|Any CPU
		{7711FF5F-B856-4B6E-A4E1-E3DC24F90905}.Release|Any CPU.Build.0 = Release|Any CPU
		{298F45C4-79F0-4DC5-B371-8266DB77B765}.Debug|Any CPU.ActiveCfg = Debug|Any CPU
		{298F45C4-79F0-4DC5-B371-8266DB77B765}.Debug|Any CPU.Build.0 = Debug|Any CPU
		{298F45C4-79F0-4DC5-B371-8266DB77B765}.Release|Any CPU.ActiveCfg = Release|Any CPU
		{298F45C4-79F0-4DC5-B371-8266DB77B765}.Release|Any CPU.Build.0 = Release|Any CPU
		{0E264F34-2ADD-4EFF-BB08-AB383AFAFE22}.Debug|Any CPU.ActiveCfg = Debug|Any CPU
		{0E264F34-2ADD-4EFF-BB08-AB383AFAFE22}.Debug|Any CPU.Build.0 = Debug|Any CPU
		{0E264F34-2ADD-4EFF-BB08-AB383AFAFE22}.Release|Any CPU.ActiveCfg = Release|Any CPU
		{0E264F34-2ADD-4EFF-BB08-AB383AFAFE22}.Release|Any CPU.Build.0 = Release|Any CPU
		{8165D904-7C14-4348-AC97-F0C72569B241}.Debug|Any CPU.ActiveCfg = Debug|Any CPU
		{8165D904-7C14-4348-AC97-F0C72569B241}.Debug|Any CPU.Build.0 = Debug|Any CPU
		{8165D904-7C14-4348-AC97-F0C72569B241}.Release|Any CPU.ActiveCfg = Release|Any CPU
		{8165D904-7C14-4348-AC97-F0C72569B241}.Release|Any CPU.Build.0 = Release|Any CPU
		{187D9A04-F152-4236-9DC0-7E0613E3BA74}.Debug|Any CPU.ActiveCfg = Debug|Any CPU
		{187D9A04-F152-4236-9DC0-7E0613E3BA74}.Debug|Any CPU.Build.0 = Debug|Any CPU
		{187D9A04-F152-4236-9DC0-7E0613E3BA74}.Release|Any CPU.ActiveCfg = Release|Any CPU
		{187D9A04-F152-4236-9DC0-7E0613E3BA74}.Release|Any CPU.Build.0 = Release|Any CPU
		{6CBEB9C8-20D0-4A93-844E-8A6E88623B66}.Debug|Any CPU.ActiveCfg = Debug|Any CPU
		{6CBEB9C8-20D0-4A93-844E-8A6E88623B66}.Debug|Any CPU.Build.0 = Debug|Any CPU
		{6CBEB9C8-20D0-4A93-844E-8A6E88623B66}.Release|Any CPU.ActiveCfg = Release|Any CPU
		{6CBEB9C8-20D0-4A93-844E-8A6E88623B66}.Release|Any CPU.Build.0 = Release|Any CPU
		{B55924DB-D5CE-4BCD-B31F-360D77DF1D4D}.Debug|Any CPU.ActiveCfg = Debug|Any CPU
		{B55924DB-D5CE-4BCD-B31F-360D77DF1D4D}.Debug|Any CPU.Build.0 = Debug|Any CPU
		{B55924DB-D5CE-4BCD-B31F-360D77DF1D4D}.Release|Any CPU.ActiveCfg = Release|Any CPU
		{B55924DB-D5CE-4BCD-B31F-360D77DF1D4D}.Release|Any CPU.Build.0 = Release|Any CPU
		{D7FE254D-2B58-4968-B170-A56316B1885A}.Debug|Any CPU.ActiveCfg = Debug|Any CPU
		{D7FE254D-2B58-4968-B170-A56316B1885A}.Debug|Any CPU.Build.0 = Debug|Any CPU
		{D7FE254D-2B58-4968-B170-A56316B1885A}.Release|Any CPU.ActiveCfg = Release|Any CPU
		{D7FE254D-2B58-4968-B170-A56316B1885A}.Release|Any CPU.Build.0 = Release|Any CPU
		{EF6791AA-FB33-488D-A8E4-752822E6391B}.Debug|Any CPU.ActiveCfg = Debug|Any CPU
		{EF6791AA-FB33-488D-A8E4-752822E6391B}.Debug|Any CPU.Build.0 = Debug|Any CPU
		{EF6791AA-FB33-488D-A8E4-752822E6391B}.Release|Any CPU.ActiveCfg = Release|Any CPU
		{EF6791AA-FB33-488D-A8E4-752822E6391B}.Release|Any CPU.Build.0 = Release|Any CPU
		{00F16469-4E8B-4ADC-A3A2-B25452BE6897}.Debug|Any CPU.ActiveCfg = Debug|Any CPU
		{00F16469-4E8B-4ADC-A3A2-B25452BE6897}.Debug|Any CPU.Build.0 = Debug|Any CPU
		{00F16469-4E8B-4ADC-A3A2-B25452BE6897}.Release|Any CPU.ActiveCfg = Release|Any CPU
		{00F16469-4E8B-4ADC-A3A2-B25452BE6897}.Release|Any CPU.Build.0 = Release|Any CPU
		{D17B98ED-6A5C-43C6-AD8F-9569495B1514}.Debug|Any CPU.ActiveCfg = Debug|Any CPU
		{D17B98ED-6A5C-43C6-AD8F-9569495B1514}.Debug|Any CPU.Build.0 = Debug|Any CPU
		{D17B98ED-6A5C-43C6-AD8F-9569495B1514}.Release|Any CPU.ActiveCfg = Release|Any CPU
		{D17B98ED-6A5C-43C6-AD8F-9569495B1514}.Release|Any CPU.Build.0 = Release|Any CPU
		{E226B5D5-EB97-40F5-A697-64A24E1B95D7}.Debug|Any CPU.ActiveCfg = Debug|Any CPU
		{E226B5D5-EB97-40F5-A697-64A24E1B95D7}.Debug|Any CPU.Build.0 = Debug|Any CPU
		{E226B5D5-EB97-40F5-A697-64A24E1B95D7}.Release|Any CPU.ActiveCfg = Release|Any CPU
		{E226B5D5-EB97-40F5-A697-64A24E1B95D7}.Release|Any CPU.Build.0 = Release|Any CPU
		{9B528D70-6C3F-4CBC-8F9D-31E36327F374}.Debug|Any CPU.ActiveCfg = Debug|Any CPU
		{9B528D70-6C3F-4CBC-8F9D-31E36327F374}.Debug|Any CPU.Build.0 = Debug|Any CPU
		{9B528D70-6C3F-4CBC-8F9D-31E36327F374}.Release|Any CPU.ActiveCfg = Release|Any CPU
		{9B528D70-6C3F-4CBC-8F9D-31E36327F374}.Release|Any CPU.Build.0 = Release|Any CPU
		{5AA43045-2265-49C9-AA20-E74F0AFC2159}.Debug|Any CPU.ActiveCfg = Debug|Any CPU
		{5AA43045-2265-49C9-AA20-E74F0AFC2159}.Debug|Any CPU.Build.0 = Debug|Any CPU
		{5AA43045-2265-49C9-AA20-E74F0AFC2159}.Release|Any CPU.ActiveCfg = Release|Any CPU
		{5AA43045-2265-49C9-AA20-E74F0AFC2159}.Release|Any CPU.Build.0 = Release|Any CPU
		{F5FC76F4-23CB-449E-9616-F85A3032E69A}.Debug|Any CPU.ActiveCfg = Debug|Any CPU
		{F5FC76F4-23CB-449E-9616-F85A3032E69A}.Debug|Any CPU.Build.0 = Debug|Any CPU
		{F5FC76F4-23CB-449E-9616-F85A3032E69A}.Release|Any CPU.ActiveCfg = Release|Any CPU
		{F5FC76F4-23CB-449E-9616-F85A3032E69A}.Release|Any CPU.Build.0 = Release|Any CPU
		{D8694D09-92E0-4A3E-9BD4-616104089024}.Debug|Any CPU.ActiveCfg = Debug|Any CPU
		{D8694D09-92E0-4A3E-9BD4-616104089024}.Debug|Any CPU.Build.0 = Debug|Any CPU
		{D8694D09-92E0-4A3E-9BD4-616104089024}.Release|Any CPU.ActiveCfg = Release|Any CPU
		{D8694D09-92E0-4A3E-9BD4-616104089024}.Release|Any CPU.Build.0 = Release|Any CPU
		{831BA1CA-7B3C-45D8-A54B-1EACAE5A250A}.Debug|Any CPU.ActiveCfg = Debug|Any CPU
		{831BA1CA-7B3C-45D8-A54B-1EACAE5A250A}.Debug|Any CPU.Build.0 = Debug|Any CPU
		{831BA1CA-7B3C-45D8-A54B-1EACAE5A250A}.Release|Any CPU.ActiveCfg = Release|Any CPU
		{831BA1CA-7B3C-45D8-A54B-1EACAE5A250A}.Release|Any CPU.Build.0 = Release|Any CPU
		{508D1E38-865A-402D-8C9A-EFF016F14488}.Debug|Any CPU.ActiveCfg = Debug|Any CPU
		{508D1E38-865A-402D-8C9A-EFF016F14488}.Debug|Any CPU.Build.0 = Debug|Any CPU
		{508D1E38-865A-402D-8C9A-EFF016F14488}.Release|Any CPU.ActiveCfg = Release|Any CPU
		{508D1E38-865A-402D-8C9A-EFF016F14488}.Release|Any CPU.Build.0 = Release|Any CPU
		{1AA72FDB-106F-4D2F-8A5B-E3222BBFC4FF}.Debug|Any CPU.ActiveCfg = Debug|Any CPU
		{1AA72FDB-106F-4D2F-8A5B-E3222BBFC4FF}.Debug|Any CPU.Build.0 = Debug|Any CPU
		{1AA72FDB-106F-4D2F-8A5B-E3222BBFC4FF}.Release|Any CPU.ActiveCfg = Release|Any CPU
		{1AA72FDB-106F-4D2F-8A5B-E3222BBFC4FF}.Release|Any CPU.Build.0 = Release|Any CPU
		{A9484775-9653-49A1-B96E-D4EBCAE9321D}.Debug|Any CPU.ActiveCfg = Debug|Any CPU
		{A9484775-9653-49A1-B96E-D4EBCAE9321D}.Debug|Any CPU.Build.0 = Debug|Any CPU
		{A9484775-9653-49A1-B96E-D4EBCAE9321D}.Release|Any CPU.ActiveCfg = Release|Any CPU
		{A9484775-9653-49A1-B96E-D4EBCAE9321D}.Release|Any CPU.Build.0 = Release|Any CPU
		{9DC0A97A-8925-4451-9A3C-6F3C24C9374A}.Debug|Any CPU.ActiveCfg = Debug|Any CPU
		{9DC0A97A-8925-4451-9A3C-6F3C24C9374A}.Debug|Any CPU.Build.0 = Debug|Any CPU
		{9DC0A97A-8925-4451-9A3C-6F3C24C9374A}.Release|Any CPU.ActiveCfg = Release|Any CPU
		{9DC0A97A-8925-4451-9A3C-6F3C24C9374A}.Release|Any CPU.Build.0 = Release|Any CPU
	EndGlobalSection
	GlobalSection(SolutionProperties) = preSolution
		HideSolutionNode = FALSE
	EndGlobalSection
	GlobalSection(NestedProjects) = preSolution
		{708E4201-0D7B-4141-A641-D758FD0B5228} = {65AA0668-A884-461B-8BDF-757D8539A74C}
		{EFFD3F12-9C5A-4E3D-8DF4-0BB8D118F1B8} = {65AA0668-A884-461B-8BDF-757D8539A74C}
		{7711FF5F-B856-4B6E-A4E1-E3DC24F90905} = {65AA0668-A884-461B-8BDF-757D8539A74C}
		{298F45C4-79F0-4DC5-B371-8266DB77B765} = {65AA0668-A884-461B-8BDF-757D8539A74C}
		{0E264F34-2ADD-4EFF-BB08-AB383AFAFE22} = {0E1D2208-0B07-4CB2-9001-348C8635209B}
		{8165D904-7C14-4348-AC97-F0C72569B241} = {0E1D2208-0B07-4CB2-9001-348C8635209B}
		{187D9A04-F152-4236-9DC0-7E0613E3BA74} = {0E1D2208-0B07-4CB2-9001-348C8635209B}
		{6CBEB9C8-20D0-4A93-844E-8A6E88623B66} = {0E1D2208-0B07-4CB2-9001-348C8635209B}
		{B55924DB-D5CE-4BCD-B31F-360D77DF1D4D} = {0E1D2208-0B07-4CB2-9001-348C8635209B}
		{D7FE254D-2B58-4968-B170-A56316B1885A} = {0E1D2208-0B07-4CB2-9001-348C8635209B}
		{EF6791AA-FB33-488D-A8E4-752822E6391B} = {0E1D2208-0B07-4CB2-9001-348C8635209B}
		{00F16469-4E8B-4ADC-A3A2-B25452BE6897} = {0E1D2208-0B07-4CB2-9001-348C8635209B}
		{D17B98ED-6A5C-43C6-AD8F-9569495B1514} = {0E1D2208-0B07-4CB2-9001-348C8635209B}
		{E226B5D5-EB97-40F5-A697-64A24E1B95D7} = {0E1D2208-0B07-4CB2-9001-348C8635209B}
		{9B528D70-6C3F-4CBC-8F9D-31E36327F374} = {0E1D2208-0B07-4CB2-9001-348C8635209B}
		{5AA43045-2265-49C9-AA20-E74F0AFC2159} = {0E1D2208-0B07-4CB2-9001-348C8635209B}
		{F5FC76F4-23CB-449E-9616-F85A3032E69A} = {0E1D2208-0B07-4CB2-9001-348C8635209B}
		{D8694D09-92E0-4A3E-9BD4-616104089024} = {0E1D2208-0B07-4CB2-9001-348C8635209B}
		{831BA1CA-7B3C-45D8-A54B-1EACAE5A250A} = {0E1D2208-0B07-4CB2-9001-348C8635209B}
		{508D1E38-865A-402D-8C9A-EFF016F14488} = {25466D59-FA4B-4C3E-8C63-6D9302268EE4}
		{1AA72FDB-106F-4D2F-8A5B-E3222BBFC4FF} = {65AA0668-A884-461B-8BDF-757D8539A74C}
		{A9484775-9653-49A1-B96E-D4EBCAE9321D} = {0E1D2208-0B07-4CB2-9001-348C8635209B}
		{9DC0A97A-8925-4451-9A3C-6F3C24C9374A} = {0E1D2208-0B07-4CB2-9001-348C8635209B}
	EndGlobalSection
	GlobalSection(ExtensibilityGlobals) = postSolution
		SolutionGuid = {6EEDD240-EA84-4E40-8C5C-F7EB34BC22B3}
	EndGlobalSection
EndGlobal
